Microsoft Visual Studio Solution File, Format Version 11.00
# Visual Studio 2008

Project("{8081FCF4-08C9-652A-B217-A0E048184EC0}") = "reality_reflex", "Assembly-CSharp.csproj", "{FF1BE74F-3A7E-B11B-9C83-1C8B191DD6D6}"
EndProject
Global
	GlobalSection(SolutionConfigurationPlatforms) = preSolution
		Debug|Any CPU = Debug|Any CPU
		Release|Any CPU = Release|Any CPU
	EndGlobalSection
	GlobalSection(ProjectConfigurationPlatforms) = postSolution
		{FF1BE74F-3A7E-B11B-9C83-1C8B191DD6D6}.Debug|Any CPU.ActiveCfg = Debug|Any CPU
		{FF1BE74F-3A7E-B11B-9C83-1C8B191DD6D6}.Debug|Any CPU.Build.0 = Debug|Any CPU
		{FF1BE74F-3A7E-B11B-9C83-1C8B191DD6D6}.Release|Any CPU.ActiveCfg = Release|Any CPU
		{FF1BE74F-3A7E-B11B-9C83-1C8B191DD6D6}.Release|Any CPU.Build.0 = Release|Any CPU
	EndGlobalSection
	GlobalSection(SolutionProperties) = preSolution
		HideSolutionNode = FALSE
	EndGlobalSection
																																GlobalSection(MonoDevelopProperties) = preSolution
=======
								GlobalSection(MonoDevelopProperties) = preSolution
>>>>>>> 6be9be4c27a84a1a1647622ea31aef5c530470fa
=======
	
	GlobalSection(MonoDevelopProperties) = preSolution
>>>>>>> 57ed63c660fe5f647df9ace13484f86225c26790
		StartupItem = Assembly-CSharp.csproj
		Policies = $0
		$0.TextStylePolicy = $1
		$1.inheritsSet = null
		$1.scope = text/x-csharp
		$0.CSharpFormattingPolicy = $2
		$2.inheritsSet = Mono
		$2.inheritsScope = text/x-csharp
		$2.scope = text/x-csharp
		$0.TextStylePolicy = $3
		$3.FileWidth = 120
		$3.TabWidth = 4
		$3.IndentWidth = 4
		$3.EolMarker = Unix
		$3.inheritsSet = Mono
		$3.inheritsScope = text/plain
		$3.scope = text/plain
	EndGlobalSection

EndGlobal
